# THIS IS AN AUTOGENERATED FILE. DO NOT EDIT THIS FILE DIRECTLY.
# yarn lockfile v1


"@algolia/cache-browser-local-storage@4.5.1":
  version "4.5.1"
  resolved "https://registry.yarnpkg.com/@algolia/cache-browser-local-storage/-/cache-browser-local-storage-4.5.1.tgz#bdf58c30795683fd48310c552c3a10f10fb26e2b"
  integrity sha512-TAQHRHaCUAR0bNhUHG0CnO6FTx3EMPwZQrjPuNS6kHvCQ/H8dVD0sLsHyM8C7U4j33xPQCWi9TBnSx8cYXNmNw==
  dependencies:
    "@algolia/cache-common" "4.5.1"

"@algolia/cache-common@4.5.1":
  version "4.5.1"
  resolved "https://registry.yarnpkg.com/@algolia/cache-common/-/cache-common-4.5.1.tgz#3aefda3382dc30b67091b01a3d7461d937082821"
  integrity sha512-Sux+pcedQi9sfScIiQdl6pEaTVl712qM9OblvDhnaeF1v6lf4jyTlRTiBLP7YBLuvO1Yo54W3maf03kmz9PVhA==

"@algolia/cache-in-memory@4.5.1":
  version "4.5.1"
  resolved "https://registry.yarnpkg.com/@algolia/cache-in-memory/-/cache-in-memory-4.5.1.tgz#127cd473474f62300a157f4ee3b3f6836003cf35"
  integrity sha512-fzwAtBFwveuG+E5T/namChEIvdVl0DoV3djV1C078b/JpO5+DeAwuXIJGYbyl950u170n5NEYuIwYG+R6h4lJQ==
  dependencies:
    "@algolia/cache-common" "4.5.1"

"@algolia/client-account@4.5.1":
  version "4.5.1"
  resolved "https://registry.yarnpkg.com/@algolia/client-account/-/client-account-4.5.1.tgz#7d3ccda09d3c7849b171c915da0833e7649bab33"
  integrity sha512-2WFEaI7Zf4ljnBsSAS4e+YylZ5glovm78xFg4E1JKA8PE6M+TeIgUY6HO2ouLh2dqQKxc9UfdAT1Loo/dha2iQ==
  dependencies:
    "@algolia/client-common" "4.5.1"
    "@algolia/client-search" "4.5.1"
    "@algolia/transporter" "4.5.1"

"@algolia/client-analytics@4.5.1":
  version "4.5.1"
  resolved "https://registry.yarnpkg.com/@algolia/client-analytics/-/client-analytics-4.5.1.tgz#bfc2a7292a9ea789ca3c99f79b1f96c08d378828"
  integrity sha512-bTmZUU8zhZMWBeGEQ/TVqLoL3OOT0benU0HtS3iOnQURwb+AOCv3RsgZvkj2djp+M24Q6P8/L34uBJMmCurbLg==
  dependencies:
    "@algolia/client-common" "4.5.1"
    "@algolia/client-search" "4.5.1"
    "@algolia/requester-common" "4.5.1"
    "@algolia/transporter" "4.5.1"

"@algolia/client-common@4.5.1":
  version "4.5.1"
  resolved "https://registry.yarnpkg.com/@algolia/client-common/-/client-common-4.5.1.tgz#91a401eba6eafd7cc74a0aeccb4c6e6cb1e72026"
  integrity sha512-5CpIf8IK1hke7q+N4e+A4TWdFXVJ5Qwyaa0xS84DrDO8HQ7vfYbDvG1oYa9hVEtGn6c3WVKPAvuWynK+fXQQCA==
  dependencies:
    "@algolia/requester-common" "4.5.1"
    "@algolia/transporter" "4.5.1"

"@algolia/client-recommendation@4.5.1":
  version "4.5.1"
  resolved "https://registry.yarnpkg.com/@algolia/client-recommendation/-/client-recommendation-4.5.1.tgz#57a1fe30987c90b10d5119b8e7d6cd91c423e54c"
  integrity sha512-GiFrNSImoEBUQICjFBEoxPGzrjWji8PY9GeMg2CNvOYcRQ0Xt0Y36v9GN53NLjvB7QdQ2FlE1Cuv/PLUfS/aQQ==
  dependencies:
    "@algolia/client-common" "4.5.1"
    "@algolia/requester-common" "4.5.1"
    "@algolia/transporter" "4.5.1"

"@algolia/client-search@4.5.1":
  version "4.5.1"
  resolved "https://registry.yarnpkg.com/@algolia/client-search/-/client-search-4.5.1.tgz#cb798c99d6621e29a36334b92205518a74ecdf3e"
  integrity sha512-wjuOTte9Auo9Cg4fL0709PjeJ9rXFh4okYUrOt/2SWqQid6DSdZOp+BtyaHKV3E94sj+SlmMxkMUacYluYg5zA==
  dependencies:
    "@algolia/client-common" "4.5.1"
    "@algolia/requester-common" "4.5.1"
    "@algolia/transporter" "4.5.1"

"@algolia/logger-common@4.5.1":
  version "4.5.1"
  resolved "https://registry.yarnpkg.com/@algolia/logger-common/-/logger-common-4.5.1.tgz#18d654516369a28e25ad7eee4fc2882fd47ed8ec"
  integrity sha512-ZoVnGriinlLHlkvn5K7djOUn1/1IeTjU8rDzOJ3t06T+2hQytgJghaX7rSwKIeH4CjWMy61w8jLisuGJRBOEeg==

"@algolia/logger-console@4.5.1":
  version "4.5.1"
  resolved "https://registry.yarnpkg.com/@algolia/logger-console/-/logger-console-4.5.1.tgz#c9def97c20bea5eecb4b07f8d3f733c0192d1761"
  integrity sha512-1qa7K18+uAgxyWuguayaDS5ViiZFcOjI3J5ACBb0i/n7RsXUo149lP6mwmx6TIU7s135hT0f0TCqnvfMvN1ilA==
  dependencies:
    "@algolia/logger-common" "4.5.1"

"@algolia/requester-browser-xhr@4.5.1":
  version "4.5.1"
  resolved "https://registry.yarnpkg.com/@algolia/requester-browser-xhr/-/requester-browser-xhr-4.5.1.tgz#838b55209d2c83572df261338f7cd75be36de401"
  integrity sha512-tsQz+9pZw9dwPm/wMvZDpsWFZgmghLjXi4c3O4rfwoP/Ikum5fhle5fiR14yb4Lw4WlOQ1AJIHJvrg1qLIG8hQ==
  dependencies:
    "@algolia/requester-common" "4.5.1"

"@algolia/requester-common@4.5.1":
  version "4.5.1"
  resolved "https://registry.yarnpkg.com/@algolia/requester-common/-/requester-common-4.5.1.tgz#a34d02daa6093e112b528d3bcd5a5467c00ba823"
  integrity sha512-bPCiLvhHKXaka7f5FLtheChToz0yHVhvza64naFJRRh/3kC0nvyrvQ0ogjiydiSrGIfdNDyyTVfKGdk4gS5gyA==

"@algolia/requester-node-http@4.5.1":
  version "4.5.1"
  resolved "https://registry.yarnpkg.com/@algolia/requester-node-http/-/requester-node-http-4.5.1.tgz#29911c104c6714a5cb29d3991f2b50c52301e091"
  integrity sha512-BfFc2h9eQOKu1gGs3DtQO7GrVZW/rxUgpJVLja4UVQyGplJyTCrFgkTyfl+8rb3MkNgA/S2LNo7cKNSPfpqeAQ==
  dependencies:
    "@algolia/requester-common" "4.5.1"

"@algolia/transporter@4.5.1":
  version "4.5.1"
  resolved "https://registry.yarnpkg.com/@algolia/transporter/-/transporter-4.5.1.tgz#e0a5c64f358b6751f867001f51f384d6fc7ede14"
  integrity sha512-asPDNToDAPhH0tM6qKGTn1l0wTlNUbekpa1ifZ6v+qhSjo3VdqGyp+2VeciJOBW/wVHXh3HUbAcycvLERRlCLg==
  dependencies:
    "@algolia/cache-common" "4.5.1"
    "@algolia/logger-common" "4.5.1"
    "@algolia/requester-common" "4.5.1"

"@types/googlemaps@^3.39.6":
  version "3.39.13"
  resolved "https://registry.yarnpkg.com/@types/googlemaps/-/googlemaps-3.39.13.tgz#a2649ac618cb15bd04ad8700c41693c8c1f90e21"
  integrity sha512-R/k5WKe8zQHo9oFRINuX/1haKYRkKEfItnBGrSjspbXXITakRdsj6daQIdL1+Pt84lnzduWurxNA5k0fgPMQUg==

abbrev@1:
  version "1.1.1"
  resolved "https://registry.yarnpkg.com/abbrev/-/abbrev-1.1.1.tgz#f8f2c887ad10bf67f634f005b6987fed3179aac8"
  integrity sha512-nne9/IiQ/hzIhY6pdDnbBtz7DjPTKrY00P/zvPSm5pOFkl6xuGrGnXn/VtTNNfNtAfZ9/1RtehkszU9qcTii0Q==

agentkeepalive@^2.2.0:
  version "2.2.0"
  resolved "https://registry.yarnpkg.com/agentkeepalive/-/agentkeepalive-2.2.0.tgz#c5d1bd4b129008f1163f236f86e5faea2026e2ef"
  integrity sha1-xdG9SxKQCPEWPyNvhuX66iAm4u8=

algoliasearch-helper@^3.2.2:
  version "3.2.2"
  resolved "https://registry.yarnpkg.com/algoliasearch-helper/-/algoliasearch-helper-3.2.2.tgz#12451c8e368935348453c8879785b20e1788c33c"
  integrity sha512-/3XvE33R+gQKaiPdy3nmHYqhF8hqIu8xnlOicVxb1fD6uMFmxW8rGLzzrRfsPfxgAfm+c1NslLb3TzQVIB8aVA==
  dependencies:
    events "^1.1.1"

algoliasearch@^3.24.1:
  version "3.35.1"
  resolved "https://registry.yarnpkg.com/algoliasearch/-/algoliasearch-3.35.1.tgz#297d15f534a3507cab2f5dfb996019cac7568f0c"
  integrity sha512-K4yKVhaHkXfJ/xcUnil04xiSrB8B8yHZoFEhWNpXg23eiCnqvTZw1tn/SqvdsANlYHLJlKl0qi3I/Q2Sqo7LwQ==
  dependencies:
    agentkeepalive "^2.2.0"
    debug "^2.6.9"
    envify "^4.0.0"
    es6-promise "^4.1.0"
    events "^1.1.0"
    foreach "^2.0.5"
    global "^4.3.2"
    inherits "^2.0.1"
    isarray "^2.0.1"
    load-script "^1.0.0"
    object-keys "^1.0.11"
    querystring-es3 "^0.2.1"
    reduce "^1.0.1"
    semver "^5.1.0"
    tunnel-agent "^0.6.0"

algoliasearch@^4.5.1:
  version "4.5.1"
  resolved "https://registry.yarnpkg.com/algoliasearch/-/algoliasearch-4.5.1.tgz#fd20cd76f6ba3fbecdd4e11bdaefefb44abc0b38"
  integrity sha512-b6yT1vWMlBdVObQipKxvt0M6SEvGetVj+FFFlo0Fy06gkdj6WCJaS4t10Q/hC3I2VG9QmpCqlK3Esgg1y1E+uw==
  dependencies:
    "@algolia/cache-browser-local-storage" "4.5.1"
    "@algolia/cache-common" "4.5.1"
    "@algolia/cache-in-memory" "4.5.1"
    "@algolia/client-account" "4.5.1"
    "@algolia/client-analytics" "4.5.1"
    "@algolia/client-common" "4.5.1"
    "@algolia/client-recommendation" "4.5.1"
    "@algolia/client-search" "4.5.1"
    "@algolia/logger-common" "4.5.1"
    "@algolia/logger-console" "4.5.1"
    "@algolia/requester-browser-xhr" "4.5.1"
    "@algolia/requester-common" "4.5.1"
    "@algolia/requester-node-http" "4.5.1"
    "@algolia/transporter" "4.5.1"

argparse@^1.0.7:
  version "1.0.10"
  resolved "https://registry.yarnpkg.com/argparse/-/argparse-1.0.10.tgz#bcd6791ea5ae09725e17e5ad988134cd40b3d911"
  integrity sha512-o5Roy6tNG4SL/FOkCAN6RzjiakZS25RLYFrcMttJqbdd8BWrnA+fGz57iN5Pb06pvBGvl5gQ0B48dJlslXvoTg==
  dependencies:
    sprintf-js "~1.0.2"

balanced-match@^1.0.0:
  version "1.0.0"
  resolved "https://registry.yarnpkg.com/balanced-match/-/balanced-match-1.0.0.tgz#89b4d199ab2bee49de164ea02b89ce462d71b767"
  integrity sha1-ibTRmasr7kneFk6gK4nORi1xt2c=

brace-expansion@^1.1.7:
  version "1.1.11"
  resolved "https://registry.yarnpkg.com/brace-expansion/-/brace-expansion-1.1.11.tgz#3c7fcbf529d87226f3d2f52b966ff5271eb441dd"
  integrity sha512-iCuPHDFgrHX7H2vEI/5xpz07zSHB00TpugqhmYtVmMO6518mCuRMoOYFldEBl0g187ufozdaHgWKcYFb61qGiA==
  dependencies:
    balanced-match "^1.0.0"
    concat-map "0.0.1"

bytes@^3.0.0:
  version "3.1.0"
  resolved "https://registry.yarnpkg.com/bytes/-/bytes-3.1.0.tgz#f6cf7933a360e0588fa9fde85651cdc7f805d1f6"
  integrity sha512-zauLjrfCG+xvoyaqLoV8bLVXXNGC4JqlxFCutSDWA6fJrTo2ZuvLYTqZ7aHBLZSMOopbzwv8f+wZcVzfVTI2Dg==

classnames@^2.2.5:
  version "2.2.6"
  resolved "https://registry.yarnpkg.com/classnames/-/classnames-2.2.6.tgz#43935bffdd291f326dad0a205309b38d00f650ce"
  integrity sha512-JR/iSQOSt+LQIWwrwEzJ9uk0xfN3mTVYMwt1Ir5mUcSN6pU+V4zQFFaJsclJbPuAUQH+yfWef6tm7l1quW3C8Q==

commander@^2.11.0:
  version "2.20.3"
  resolved "https://registry.yarnpkg.com/commander/-/commander-2.20.3.tgz#fd485e84c03eb4881c20722ba48035e8531aeb33"
  integrity sha512-GpVkmM8vF2vQUkj2LvZmD35JxeJOLCwJ9cUkugyk2nuhbv3+mJvpLYYt+0+USMxE+oj+ey/lJEnhZw75x/OMcQ==

concat-map@0.0.1:
  version "0.0.1"
  resolved "https://registry.yarnpkg.com/concat-map/-/concat-map-0.0.1.tgz#d8a96bd77fd68df7793a73036a3ba0d5405d477b"
  integrity sha1-2Klr13/Wjfd5OnMDajug1UBdR3s=

debug@^2.6.9:
  version "2.6.9"
  resolved "https://registry.yarnpkg.com/debug/-/debug-2.6.9.tgz#5d128515df134ff327e90a4c93f4e077a536341f"
  integrity sha512-bC7ElrdJaJnPbAP+1EotYvqZsb3ecl5wi6Bfi6BJTUcNowp6cvspg0jXznRTKDjm/E7AdgFBVeAPVMNcKGsHMA==
  dependencies:
    ms "2.0.0"

dom-walk@^0.1.0:
  version "0.1.2"
  resolved "https://registry.yarnpkg.com/dom-walk/-/dom-walk-0.1.2.tgz#0c548bef048f4d1f2a97249002236060daa3fd84"
  integrity sha512-6QvTW9mrGeIegrFXdtQi9pk7O/nSK6lSdXW2eqUspN5LWD7UTji2Fqw5V2YLjBpHEoU9Xl/eUWNpDeZvoyOv2w==

envify@^4.0.0:
  version "4.1.0"
  resolved "https://registry.yarnpkg.com/envify/-/envify-4.1.0.tgz#f39ad3db9d6801b4e6b478b61028d3f0b6819f7e"
  integrity sha512-IKRVVoAYr4pIx4yIWNsz9mOsboxlNXiu7TNBnem/K/uTHdkyzXWDzHCK7UTolqBbgaBz0tQHsD3YNls0uIIjiw==
  dependencies:
    esprima "^4.0.0"
    through "~2.3.4"

es6-promise@^4.1.0:
  version "4.2.8"
  resolved "https://registry.yarnpkg.com/es6-promise/-/es6-promise-4.2.8.tgz#4eb21594c972bc40553d276e510539143db53e0a"
  integrity sha512-HJDGx5daxeIvxdBxvG2cb9g4tEvwIk3i8+nhX0yGrYmZUzbkdg8QbDevheDB8gd0//uPj4c1EQua8Q+MViT0/w==

esprima@^4.0.0:
  version "4.0.1"
  resolved "https://registry.yarnpkg.com/esprima/-/esprima-4.0.1.tgz#13b04cdb3e6c5d19df91ab6987a8695619b0aa71"
  integrity sha512-eGuFFw7Upda+g4p+QHvnW0RyTX/SVeJBDM/gCtMARO0cLuT2HcEKnTPvhjV6aGeqrCB/sbNop0Kszm0jsaWU4A==

events@^1.1.0, events@^1.1.1:
  version "1.1.1"
  resolved "https://registry.yarnpkg.com/events/-/events-1.1.1.tgz#9ebdb7635ad099c70dcc4c2a1f5004288e8bd924"
  integrity sha1-nr23Y1rQmccNzEwqH1AEKI6L2SQ=

extend-shallow@^2.0.1:
  version "2.0.1"
  resolved "https://registry.yarnpkg.com/extend-shallow/-/extend-shallow-2.0.1.tgz#51af7d614ad9a9f610ea1bafbb989d6b1c56890f"
  integrity sha1-Ua99YUrZqfYQ6huvu5idaxxWiQ8=
  dependencies:
    is-extendable "^0.1.0"

foreach@^2.0.5:
  version "2.0.5"
  resolved "https://registry.yarnpkg.com/foreach/-/foreach-2.0.5.tgz#0bee005018aeb260d0a3af3ae658dd0136ec1b99"
  integrity sha1-C+4AUBiusmDQo6865ljdATbsG5k=

fs.realpath@^1.0.0:
  version "1.0.0"
  resolved "https://registry.yarnpkg.com/fs.realpath/-/fs.realpath-1.0.0.tgz#1504ad2523158caa40db4a2787cb01411994ea4f"
  integrity sha1-FQStJSMVjKpA20onh8sBQRmU6k8=

glob@^7.1.2:
  version "7.1.6"
  resolved "https://registry.yarnpkg.com/glob/-/glob-7.1.6.tgz#141f33b81a7c2492e125594307480c46679278a6"
  integrity sha512-LwaxwyZ72Lk7vZINtNNrywX0ZuLyStrdDtabefZKAY5ZGJhVtgdznluResxNmPitE0SAO+O26sWTHeKSI2wMBA==
  dependencies:
    fs.realpath "^1.0.0"
    inflight "^1.0.4"
    inherits "2"
    minimatch "^3.0.4"
    once "^1.3.0"
    path-is-absolute "^1.0.0"

global@^4.3.2:
  version "4.4.0"
  resolved "https://registry.yarnpkg.com/global/-/global-4.4.0.tgz#3e7b105179006a323ed71aafca3e9c57a5cc6406"
  integrity sha512-wv/LAoHdRE3BeTGz53FAamhGlPLhlssK45usmGFThIi4XqnBmjKQ16u+RNbP7WvigRZDxUsM0J3gcQ5yicaL0w==
  dependencies:
    min-document "^2.19.0"
    process "^0.11.10"

gray-matter@^3.0.2:
  version "3.1.1"
  resolved "https://registry.yarnpkg.com/gray-matter/-/gray-matter-3.1.1.tgz#101f80d9e69eeca6765cdce437705b18f40876ac"
  integrity sha512-nZ1qjLmayEv0/wt3sHig7I0s3/sJO0dkAaKYQ5YAOApUtYEOonXSFdWvL1khvnZMTvov4UufkqlFsilPnejEXA==
  dependencies:
    extend-shallow "^2.0.1"
    js-yaml "^3.10.0"
    kind-of "^5.0.2"
    strip-bom-string "^1.0.0"

hogan.js@^3.0.2:
  version "3.0.2"
  resolved "https://registry.yarnpkg.com/hogan.js/-/hogan.js-3.0.2.tgz#4cd9e1abd4294146e7679e41d7898732b02c7bfd"
  integrity sha1-TNnhq9QpQUbnZ55B14mHMrAse/0=
  dependencies:
    mkdirp "0.3.0"
    nopt "1.0.10"

hugo-algolia@^1.2.14:
  version "1.2.14"
  resolved "https://registry.yarnpkg.com/hugo-algolia/-/hugo-algolia-1.2.14.tgz#00ee21884d7da387e2e42a7b275d80a241fe1ece"
  integrity sha512-VHDnKmvWZRQ/MGgWFFDlEGO+8arfL4X3kP6xWCY637/GHuc9Y1dlZ1F5GrFa+LAJ/5JiFo0e8E002SKXVv9CNQ==
  dependencies:
    algoliasearch "^3.24.1"
    bytes "^3.0.0"
    commander "^2.11.0"
    glob "^7.1.2"
    gray-matter "^3.0.2"
    lodash "^4.17.11"
    pos "^0.4.2"
    remove-markdown "^0.2.0"
    stopword "^0.1.8"
    striptags "^3.0.1"
    to-snake-case "^1.0.0"
    toml "^2.3.2"
    truncate-utf8-bytes "^1.0.2"

inflight@^1.0.4:
  version "1.0.6"
  resolved "https://registry.yarnpkg.com/inflight/-/inflight-1.0.6.tgz#49bd6331d7d02d0c09bc910a1075ba8165b56df9"
  integrity sha1-Sb1jMdfQLQwJvJEKEHW6gWW1bfk=
  dependencies:
    once "^1.3.0"
    wrappy "1"

inherits@2, inherits@^2.0.1:
  version "2.0.4"
  resolved "https://registry.yarnpkg.com/inherits/-/inherits-2.0.4.tgz#0fa2c64f932917c3433a0ded55363aae37416b7c"
  integrity sha512-k/vGaX4/Yla3WzyMCvTQOXYeIHvqOKtnqBduzTHpzpQZzAskKMhZ2K+EnBiSM9zGSoIFeMpXKxa4dYeZIQqewQ==

instantsearch.js@^4.8.1:
  version "4.8.1"
  resolved "https://registry.yarnpkg.com/instantsearch.js/-/instantsearch.js-4.8.1.tgz#ca407a89fc165f4306b57a692aa1b016965ca5a2"
  integrity sha512-87WgFPBgYTQ1dW45+rdmo1d3KM9AcoDZDvhvxUoO8jaj3jUm8bhgJQPv0/r2POKRRtCppcIPDReUWyY7xf7IUg==
  dependencies:
    "@types/googlemaps" "^3.39.6"
    algoliasearch-helper "^3.2.2"
    classnames "^2.2.5"
    events "^1.1.0"
    hogan.js "^3.0.2"
    preact "^10.0.0"
    prop-types "^15.5.10"
    qs "^6.5.1"

is-extendable@^0.1.0:
  version "0.1.1"
  resolved "https://registry.yarnpkg.com/is-extendable/-/is-extendable-0.1.1.tgz#62b110e289a471418e3ec36a617d472e301dfc89"
  integrity sha1-YrEQ4omkcUGOPsNqYX1HLjAd/Ik=

isarray@^2.0.1:
  version "2.0.5"
  resolved "https://registry.yarnpkg.com/isarray/-/isarray-2.0.5.tgz#8af1e4c1221244cc62459faf38940d4e644a5723"
  integrity sha512-xHjhDr3cNBK0BzdUJSPXZntQUx/mwMS5Rw4A7lPJ90XGAO6ISP/ePDNuo0vhqOZU+UD5JoodwCAAoZQd3FeAKw==

"js-tokens@^3.0.0 || ^4.0.0":
  version "4.0.0"
  resolved "https://registry.yarnpkg.com/js-tokens/-/js-tokens-4.0.0.tgz#19203fb59991df98e3a287050d4647cdeaf32499"
  integrity sha512-RdJUflcE3cUzKiMqQgsCu06FPu9UdIJO0beYbPhHN4k6apgJtifcoCtT9bcxOpYBtpD2kCM6Sbzg4CausW/PKQ==

js-yaml@^3.10.0:
  version "3.14.0"
  resolved "https://registry.yarnpkg.com/js-yaml/-/js-yaml-3.14.0.tgz#a7a34170f26a21bb162424d8adacb4113a69e482"
  integrity sha512-/4IbIeHcD9VMHFqDR/gQ7EdZdLimOvW2DdcxFjdyyZ9NsbS+ccrXqVWDtab/lRl5AlUqmpBx8EhPaWR+OtY17A==
  dependencies:
    argparse "^1.0.7"
    esprima "^4.0.0"

kind-of@^5.0.2:
  version "5.1.0"
  resolved "https://registry.yarnpkg.com/kind-of/-/kind-of-5.1.0.tgz#729c91e2d857b7a419a1f9aa65685c4c33f5845d"
  integrity sha512-NGEErnH6F2vUuXDh+OlbcKW7/wOcfdRHaZ7VWtqCztfHri/++YKmP51OdWeGPuqCOba6kk2OTe5d02VmTB80Pw==

load-script@^1.0.0:
  version "1.0.0"
  resolved "https://registry.yarnpkg.com/load-script/-/load-script-1.0.0.tgz#0491939e0bee5643ee494a7e3da3d2bac70c6ca4"
  integrity sha1-BJGTngvuVkPuSUp+PaPSuscMbKQ=

lodash@^4.17.11:
  version "4.17.20"
  resolved "https://registry.yarnpkg.com/lodash/-/lodash-4.17.20.tgz#b44a9b6297bcb698f1c51a3545a2b3b368d59c52"
  integrity sha512-PlhdFcillOINfeV7Ni6oF1TAEayyZBoZ8bcshTHqOYJYlrqzRK5hagpagky5o4HfCzzd1TRkXPMFq6cKk9rGmA==

loose-envify@^1.4.0:
  version "1.4.0"
  resolved "https://registry.yarnpkg.com/loose-envify/-/loose-envify-1.4.0.tgz#71ee51fa7be4caec1a63839f7e682d8132d30caf"
  integrity sha512-lyuxPGr/Wfhrlem2CL/UcnUc1zcqKAImBDzukY7Y5F/yQiNdko6+fRLevlw1HgMySw7f611UIY408EtxRSoK3Q==
  dependencies:
    js-tokens "^3.0.0 || ^4.0.0"

min-document@^2.19.0:
  version "2.19.0"
  resolved "https://registry.yarnpkg.com/min-document/-/min-document-2.19.0.tgz#7bd282e3f5842ed295bb748cdd9f1ffa2c824685"
  integrity sha1-e9KC4/WELtKVu3SM3Z8f+iyCRoU=
  dependencies:
    dom-walk "^0.1.0"

minimatch@^3.0.4:
  version "3.0.4"
  resolved "https://registry.yarnpkg.com/minimatch/-/minimatch-3.0.4.tgz#5166e286457f03306064be5497e8dbb0c3d32083"
  integrity sha512-yJHVQEhyqPLUTgt9B83PXu6W3rx4MvvHvSUvToogpwoGDOUQ+yDrR0HRot+yOCdCO7u4hX3pWft6kWBBcqh0UA==
  dependencies:
    brace-expansion "^1.1.7"

mkdirp@0.3.0:
  version "0.3.0"
  resolved "https://registry.yarnpkg.com/mkdirp/-/mkdirp-0.3.0.tgz#1bbf5ab1ba827af23575143490426455f481fe1e"
  integrity sha1-G79asbqCevI1dRQ0kEJkVfSB/h4=

ms@2.0.0:
  version "2.0.0"
  resolved "https://registry.yarnpkg.com/ms/-/ms-2.0.0.tgz#5608aeadfc00be6c2901df5f9861788de0d597c8"
  integrity sha1-VgiurfwAvmwpAd9fmGF4jeDVl8g=

nopt@1.0.10:
  version "1.0.10"
  resolved "https://registry.yarnpkg.com/nopt/-/nopt-1.0.10.tgz#6ddd21bd2a31417b92727dd585f8a6f37608ebee"
  integrity sha1-bd0hvSoxQXuScn3Vhfim83YI6+4=
  dependencies:
    abbrev "1"

object-assign@^4.1.1:
  version "4.1.1"
  resolved "https://registry.yarnpkg.com/object-assign/-/object-assign-4.1.1.tgz#2109adc7965887cfc05cbbd442cac8bfbb360863"
  integrity sha1-IQmtx5ZYh8/AXLvUQsrIv7s2CGM=

object-keys@^1.0.11, object-keys@^1.1.0:
  version "1.1.1"
  resolved "https://registry.yarnpkg.com/object-keys/-/object-keys-1.1.1.tgz#1c47f272df277f3b1daf061677d9c82e2322c60e"
  integrity sha512-NuAESUOUMrlIXOfHKzD6bpPu3tYt3xvjNdRIQ+FeT0lNb4K8WR70CaDxhuNguS2XG+GjkyMwOzsN5ZktImfhLA==

once@^1.3.0:
  version "1.4.0"
  resolved "https://registry.yarnpkg.com/once/-/once-1.4.0.tgz#583b1aa775961d4b113ac17d9c50baef9dd76bd1"
  integrity sha1-WDsap3WWHUsROsF9nFC6753Xa9E=
  dependencies:
    wrappy "1"

path-is-absolute@^1.0.0:
  version "1.0.1"
  resolved "https://registry.yarnpkg.com/path-is-absolute/-/path-is-absolute-1.0.1.tgz#174b9268735534ffbc7ace6bf53a5a9e1b5c5f5f"
  integrity sha1-F0uSaHNVNP+8es5r9TpanhtcX18=

pos@^0.4.2:
  version "0.4.2"
  resolved "https://registry.yarnpkg.com/pos/-/pos-0.4.2.tgz#20e9c77fbeedcc356823cea63c7585cace93be2a"
  integrity sha1-IOnHf77tzDVoI86mPHWFys6Tvio=

preact@^10.0.0:
  version "10.4.8"
  resolved "https://registry.yarnpkg.com/preact/-/preact-10.4.8.tgz#8517b106cc5591eb675237c93da99ac052cf4756"
  integrity sha512-uVLeEAyRsCkUEFhVHlOu17OxcrwC7+hTGZ08kBoLBiGHiZooUZuibQnphgMKftw/rqYntNMyhVCPqQhcyAGHag==

process@^0.11.10:
  version "0.11.10"
  resolved "https://registry.yarnpkg.com/process/-/process-0.11.10.tgz#7332300e840161bda3e69a1d1d91a7d4bc16f182"
  integrity sha1-czIwDoQBYb2j5podHZGn1LwW8YI=

prop-types@^15.5.10:
  version "15.7.2"
  resolved "https://registry.yarnpkg.com/prop-types/-/prop-types-15.7.2.tgz#52c41e75b8c87e72b9d9360e0206b99dcbffa6c5"
  integrity sha512-8QQikdH7//R2vurIJSutZ1smHYTcLpRWEOlHnzcWHmBYrOGUysKwSsrC89BCiFj3CbrfJ/nXFdJepOVrY1GCHQ==
  dependencies:
    loose-envify "^1.4.0"
    object-assign "^4.1.1"
    react-is "^16.8.1"

qs@^6.5.1:
  version "6.9.4"
  resolved "https://registry.yarnpkg.com/qs/-/qs-6.9.4.tgz#9090b290d1f91728d3c22e54843ca44aea5ab687"
  integrity sha512-A1kFqHekCTM7cz0udomYUoYNWjBebHm/5wzU/XqrBRBNWectVH0QIiN+NEcZ0Dte5hvzHwbr8+XQmguPhJ6WdQ==

querystring-es3@^0.2.1:
  version "0.2.1"
  resolved "https://registry.yarnpkg.com/querystring-es3/-/querystring-es3-0.2.1.tgz#9ec61f79049875707d69414596fd907a4d711e73"
  integrity sha1-nsYfeQSYdXB9aUFFlv2Qek1xHnM=

react-is@^16.8.1:
  version "16.13.1"
  resolved "https://registry.yarnpkg.com/react-is/-/react-is-16.13.1.tgz#789729a4dc36de2999dc156dd6c1d9c18cea56a4"
  integrity sha512-24e6ynE2H+OKt4kqsOvNd8kBpV65zoxbA4BVsEOB3ARVWQki/DHzaUoC5KuON/BiccDaCCTZBuOcfZs70kR8bQ==

reduce@^1.0.1:
  version "1.0.2"
  resolved "https://registry.yarnpkg.com/reduce/-/reduce-1.0.2.tgz#0cd680ad3ffe0b060e57a5c68bdfce37168d361b"
  integrity sha512-xX7Fxke/oHO5IfZSk77lvPa/7bjMh9BuCk4OOoX5XTXrM7s0Z+MkPfSDfz0q7r91BhhGSs8gii/VEN/7zhCPpQ==
  dependencies:
    object-keys "^1.1.0"

remove-markdown@^0.2.0:
  version "0.2.2"
  resolved "https://registry.yarnpkg.com/remove-markdown/-/remove-markdown-0.2.2.tgz#66b0ceeba9fb77ca9636bb1b0307ce21a32a12a6"
  integrity sha1-ZrDO66n7d8qWNrsbAwfOIaMqEqY=

safe-buffer@^5.0.1:
  version "5.2.1"
  resolved "https://registry.yarnpkg.com/safe-buffer/-/safe-buffer-5.2.1.tgz#1eaf9fa9bdb1fdd4ec75f58f9cdb4e6b7827eec6"
  integrity sha512-rp3So07KcdmmKbGvgaNxQSJr7bGVSVk5S9Eq1F+ppbRo70+YeaDxkw5Dd8NPN+GD6bjnYm2VuPuCXmpuYvmCXQ==

semver@^5.1.0:
  version "5.7.1"
  resolved "https://registry.yarnpkg.com/semver/-/semver-5.7.1.tgz#a954f931aeba508d307bbf069eff0c01c96116f7"
  integrity sha512-sauaDf/PZdVgrLTNYHRtpXa1iRiKcaebiKQ1BJdpQlWH2lCvexQdX55snPFyK7QzpudqbCI0qXFfOasHdyNDGQ==

sprintf-js@~1.0.2:
  version "1.0.3"
  resolved "https://registry.yarnpkg.com/sprintf-js/-/sprintf-js-1.0.3.tgz#04e6926f662895354f3dd015203633b857297e2c"
  integrity sha1-BOaSb2YolTVPPdAVIDYzuFcpfiw=

stopword@^0.1.8:
  version "0.1.19"
  resolved "https://registry.yarnpkg.com/stopword/-/stopword-0.1.19.tgz#a56e763c0cd6888c2fb1b44eac34757156badf4f"
  integrity sha512-oKkl/LClyJ2YLWm2xZvIiCUGiTsggj+BPOQyt3IKtPUJZj43jYxFJEmXvP1VZQvMuexdodMBshL4sVUSPURmwg==

strip-bom-string@^1.0.0:
  version "1.0.0"
  resolved "https://registry.yarnpkg.com/strip-bom-string/-/strip-bom-string-1.0.0.tgz#e5211e9224369fbb81d633a2f00044dc8cedad92"
  integrity sha1-5SEekiQ2n7uB1jOi8ABE3IztrZI=

striptags@^3.0.1:
  version "3.1.1"
  resolved "https://registry.yarnpkg.com/striptags/-/striptags-3.1.1.tgz#c8c3e7fdd6fb4bb3a32a3b752e5b5e3e38093ebd"
  integrity sha1-yMPn/db7S7OjKjt1LltePjgJPr0=

through@~2.3.4:
  version "2.3.8"
  resolved "https://registry.yarnpkg.com/through/-/through-2.3.8.tgz#0dd4c9ffaabc357960b1b724115d7e0e86a2e1f5"
  integrity sha1-DdTJ/6q8NXlgsbckEV1+Doai4fU=

to-no-case@^1.0.0:
  version "1.0.2"
  resolved "https://registry.yarnpkg.com/to-no-case/-/to-no-case-1.0.2.tgz#c722907164ef6b178132c8e69930212d1b4aa16a"
  integrity sha1-xyKQcWTvaxeBMsjmmTAhLRtKoWo=

to-snake-case@^1.0.0:
  version "1.0.0"
  resolved "https://registry.yarnpkg.com/to-snake-case/-/to-snake-case-1.0.0.tgz#ce746913897946019a87e62edfaeaea4c608ab8c"
  integrity sha1-znRpE4l5RgGah+Yu366upMYIq4w=
  dependencies:
    to-space-case "^1.0.0"

to-space-case@^1.0.0:
  version "1.0.0"
  resolved "https://registry.yarnpkg.com/to-space-case/-/to-space-case-1.0.0.tgz#b052daafb1b2b29dc770cea0163e5ec0ebc9fc17"
  integrity sha1-sFLar7Gysp3HcM6gFj5ewOvJ/Bc=
  dependencies:
    to-no-case "^1.0.0"

toml@^2.3.2:
  version "2.3.6"
  resolved "https://registry.yarnpkg.com/toml/-/toml-2.3.6.tgz#25b0866483a9722474895559088b436fd11f861b"
  integrity sha512-gVweAectJU3ebq//Ferr2JUY4WKSDe5N+z0FvjDncLGyHmIDoxgY/2Ie4qfEIDm4IS7OA6Rmdm7pdEEdMcV/xQ==

truncate-utf8-bytes@^1.0.2:
  version "1.0.2"
  resolved "https://registry.yarnpkg.com/truncate-utf8-bytes/-/truncate-utf8-bytes-1.0.2.tgz#405923909592d56f78a5818434b0b78489ca5f2b"
  integrity sha1-QFkjkJWS1W94pYGENLC3hInKXys=
  dependencies:
    utf8-byte-length "^1.0.1"

tunnel-agent@^0.6.0:
  version "0.6.0"
  resolved "https://registry.yarnpkg.com/tunnel-agent/-/tunnel-agent-0.6.0.tgz#27a5dea06b36b04a0a9966774b290868f0fc40fd"
  integrity sha1-J6XeoGs2sEoKmWZ3SykIaPD8QP0=
  dependencies:
    safe-buffer "^5.0.1"

utf8-byte-length@^1.0.1:
  version "1.0.4"
  resolved "https://registry.yarnpkg.com/utf8-byte-length/-/utf8-byte-length-1.0.4.tgz#f45f150c4c66eee968186505ab93fcbb8ad6bf61"
  integrity sha1-9F8VDExm7uloGGUFq5P8u4rWv2E=

wrappy@1:
  version "1.0.2"
  resolved "https://registry.yarnpkg.com/wrappy/-/wrappy-1.0.2.tgz#b5243d8f3ec1aa35f1364605bc0d1036e30ab69f"
  integrity sha1-tSQ9jz7BqjXxNkYFvA0QNuMKtp8=
